
Microsoft Visual Studio Solution File, Format Version 12.00
# Visual Studio Version 17
VisualStudioVersion = 17.9.34902.65
MinimumVisualStudioVersion = 10.0.40219.1
Project("{FAE04EC0-301F-11D3-BF4B-00C04F79EFBC}") = "Airlines-project", "Airlines-project\Airlines-project.csproj", "{73772E54-70E1-4147-9E67-1BE5553F49DC}"
EndProject
Global
	GlobalSection(SolutionConfigurationPlatforms) = preSolution
		Debug|Any CPU = Debug|Any CPU
		Release|Any CPU = Release|Any CPU
	EndGlobalSection
	GlobalSection(ProjectConfigurationPlatforms) = postSolution
		{73772E54-70E1-4147-9E67-1BE5553F49DC}.Debug|Any CPU.ActiveCfg = Debug|Any CPU
		{73772E54-70E1-4147-9E67-1BE5553F49DC}.Debug|Any CPU.Build.0 = Debug|Any CPU
		{73772E54-70E1-4147-9E67-1BE5553F49DC}.Release|Any CPU.ActiveCfg = Release|Any CPU
		{73772E54-70E1-4147-9E67-1BE5553F49DC}.Release|Any CPU.Build.0 = Release|Any CPU
	EndGlobalSection
	GlobalSection(SolutionProperties) = preSolution
		HideSolutionNode = FALSE
	EndGlobalSection
	GlobalSection(ExtensibilityGlobals) = postSolution
		SolutionGuid = {6B809368-F973-4932-B86F-2495BA8CAB58}
	EndGlobalSection
EndGlobal
